# This file was autogenerated by uv via the following command:
#    uv pip compile requirements/reaction-data.in --python-version 3.12 --python-platform x86_64-unknown-linux-gnu --generate-hashes --only-binary :all: --default-index https://pypi.org/simple --no-config --output-file requirements/reaction-data-linux-py312.lock
annotated-types==0.8.0 \
    --hash=sha256:13b2beaad985e05e2d6407ee4c4f35590b11f8d693a258a561055cac8f64cab7 \
    --hash=sha256:f072f4d804ea359e4eaf198b1af7a8b0943881a87f31bb764f8bf219bb9419e0
    # via pydantic
cloudpickle==3.1.2 \
    --hash=sha256:7fda9eb655c9c230dab534f1983763de5835249750e85fbcef43aaa30a9a2414 \
    --hash=sha256:9acb47f6afd73f60dc1df93bb801b472f05ff42fa6c84167d25cb206be1fbf4a
    # via joblib
et-xmlfile==2.0.0 \
    --hash=sha256:7a91720bc756843502c3b7504c77b8fe44217c85c537d85037f0f536151b2caa \
    --hash=sha256:dab3f4764309081ce75662649be815c4c9081e88f0837825f90fd28317d4da54
    # via openpyxl
iniconfig==2.3.0 \
    --hash=sha256:c76315c77db068650d49c5b56314774a7804df16fee4402c1f19d6d15d8c4730 \
    --hash=sha256:f631c04d2c48c52b84d0d0549c99ff3859c98df65b3101406327ecc7d53fbf12
    # via pytest
joblib==1.6.0 \
    --hash=sha256:2ccc96785b12046c08fd6d55839c12857831b54a3c1673ffadd2f04bfc4eda03 \
    --hash=sha256:3dbbf9f6e4b592a2357b854608e980fe6390d131d7a82f011a377ef2ebef7aba
    # via ord-schema
numpy==2.5.3 \
    --hash=sha256:012e66aca395d795496446e52aeeb5866312a5d4d3f27da270e5a0b43f70dc5c \
    --hash=sha256:09d5a423c71ad5feb5625844ad58050e35df43871004b52ac9c0ad44a56775be \
    --hash=sha256:09ffa5d903faeaa5c4dd05009cf81c8bab9f2cb37c548b8d39b65b4cfa7c97f7 \
    --hash=sha256:0a59a421a32580a009e8a1751345bf829631b990dc1794b80514ab722b435def \
    --hash=sha256:116f96cadd935c6122e9228d676fe7ede19e741f5c8bb1c3cddbe0c51ccebea2 \
    --hash=sha256:1302b90c0e52281681b2975adfe8a860cb7b12216a27b4b0b4207c44bf7bccf0 \
    --hash=sha256:15aa985ac73a8db02db7663381aa109510449d3819d37206caed27b33a65a8a6 \
    --hash=sha256:1aad64d99730d013cfc6debafed22783b4fc5a7f4b8bc744d2d8cf7dcc880551 \
    --hash=sha256:1c80eabb4035ecf4ca9cd49cde8a9fdd69a729e63e6474887d1523ade7aa277f \
    --hash=sha256:1f3ed25271581281f2fccb1adcedfcde4c07362eec69189b50baf6f90e3ae159 \
    --hash=sha256:1fb6f8fb9ff0b3a69f52c66ce397b0246583e9f28616231b0e32ca49259a5fa6 \
    --hash=sha256:214045a5bf00113a146ab9ee9730c44501af6723cdf1f6830932f7b5ef2e7af0 \
    --hash=sha256:26e15e4aecd8617dfbaecb37d223e365d7b39411fba20454be2670a96aa74cb5 \
    --hash=sha256:2c25dfa72943e4336ddb6b0ee4277b47a0c85bede0807530ec68103bf58e2c10 \
    --hash=sha256:2d8240cb4c16fd831074aa2b2cf9fc54664d826341d61c372245b96a74a49a9a \
    --hash=sha256:350ba9783ce969cf9f7ce6e6a9a58e1a6e2a19ca025b7ee448c4db727706212a \
    --hash=sha256:4c8a6d2ebce6305fd82fbefca827775437147052a976ee7c94b36a0c1b52ac6c \
    --hash=sha256:4f8929ee6c96bfbd7b4ed2032e0c03af86fe1826740ab61ddabf9072d06e57ff \
    --hash=sha256:536f963710a4e63934d80ac0dc4f478804a83e9a84b6828018f25d09953ada33 \
    --hash=sha256:54a115e5a73b8fc44f0cebef486365a1894b5c9760685d4558b72b7c3eb846e0 \
    --hash=sha256:595d020938c84e320bcf40ad71089e108eac0d377cd018e14a8c094f39e98d85 \
    --hash=sha256:66a78fe4556c60aceda5916f9eacd638b18e9e681016ec302dcb4682d6d4d034 \
    --hash=sha256:6b05c171afb3aa07adbd20abc00aea86fe375beb0fdb9ef780ec5b7f63bab1c0 \
    --hash=sha256:6cef4bb1706dfec49243c05d921eefb4e190d41e2528b30d8035ea1f36b4c24a \
    --hash=sha256:6f24021b9f22bc6301c37b196974a92c1c18dccedb6fef3dd252e95f2d6adbe4 \
    --hash=sha256:71b39d9f935b6ec0f8753e3e2afb51e3efba6f2e05b68b32a40754d24bcd4a3c \
    --hash=sha256:71cad2b2a7451ab79d8f5e71b453485b6775963d5cf794179144a7463fe6e8ec \
    --hash=sha256:76c2c1e6bfa5c84adc6434dfbf013aa92096a7985221762c8f11fedfd20fff58 \
    --hash=sha256:8617bbfae4486cf99c9f899966699428d19da931d06ca94ad3da986c76e15997 \
    --hash=sha256:86bff898a431c0fb71f7610b75726e75a54d47b37edc9d537f48de63bb3c0b90 \
    --hash=sha256:8e4dd766076855b5ff7ea52fa5f07ce26286726e0f8bff446b7739d02e6ea204 \
    --hash=sha256:92f30e89b8ee0ecf363033576c422b2f58fed6a80bed0aa48dff6d14c654663e \
    --hash=sha256:93e1f5447e2b1e479d7bd74701e84746b86450cff1fc368b132d195e2b8f8211 \
    --hash=sha256:9a37475425b431b4d060f23b4f52cd2f3aef6bc7c654bd760adf0040eec9d435 \
    --hash=sha256:9deb49575e5b0b94ed72c8a64ec4d033381adc27e9060ae842971f697ba96104 \
    --hash=sha256:a5fa86b80fd24bcd1aff83ad23be44ea323de3f787be8f8b15d4a65621e25321 \
    --hash=sha256:a6391fafaba97500887132cd582abc6e19452b1ac775a47caa7b24490e152058 \
    --hash=sha256:a72f874bc9e10e4b8f80426fb49716d5141f64442a0c8418065093ec8017fbb0 \
    --hash=sha256:ac7bb1c52d445bd4f8f7f97fefe6abc3a084dc4d63df50d79b17fa2b78e89297 \
    --hash=sha256:adc1ada2662f8a5f960b8a10d9986897e7499ef07e06d4cfe7197f8cce923c07 \
    --hash=sha256:b00eefbcf0f292945c4b4dec2ae845389ef5bcdcd596e6e4328051db5b5ba694 \
    --hash=sha256:b0521d0f4aebb6e06189451025fa17a913287b13c03d5fe05c017333b654ea5b \
    --hash=sha256:b5d93cf48f687479941d12b69c873ad2cc76bbd487f0091c2200636497f34034 \
    --hash=sha256:b7e18c623bb5c95acb3b3328861272816ba199fb531921c5d6d0b675f1fde9e3 \
    --hash=sha256:bd4cb9ad3c7889b9b3fe0a9a9fb5d2ed26f9879bff2608d9f01aed147a20d231 \
    --hash=sha256:be5a8381859b6da607c84f4f7d6847725f1cf1853ef8a2c9e115b7d58bef47dc \
    --hash=sha256:befa1ae5bd6030b3f512b43ff3fa5290bbed6b84411a44244b14adf835f5b89d \
    --hash=sha256:bf63afbe037eb5d2fe87fbcc7778e61da53ebaf21d938a4515aa73b62532a5d4 \
    --hash=sha256:c00abe94c1a69d75d827dcf1c025b25c8a45d230b3bcd77a9020883a1b047653 \
    --hash=sha256:c2381f82999704f818e2c987a865050e285ec3621262c66d40f5a96c8f899f8e \
    --hash=sha256:c76d5dde9f445058f83d0c02af00557a4db91de9a9a57c0df87d1535001d654b \
    --hash=sha256:cb189f09db39283b26bfd061ec16189e14f71c6755207f72a0f7540867afe5b9 \
    --hash=sha256:ccb32e0525d29e8b0572eb84c9a57af0e7a4e615726927506f55063c62414034 \
    --hash=sha256:ccbc4665079665c3cf3bab4db9f6b095370cd6437d66be549b6c2a1fd19e1958 \
    --hash=sha256:d1c89973648c85069c5046ad460f7b8a00218b29a2e42359ac8cc63e9ab94832 \
    --hash=sha256:df2d5874ff183595a4ba404edd04f6bd9b5505c1d7708573f6a6c17489a67563 \
    --hash=sha256:e01c918ac3d48e18a927cf7b14a26a3e29ff2bdf2eacb976da0aecd6a43ed034 \
    --hash=sha256:e6ab667ba76450084eb64013762c438ea76d9d29cc676dcd6c2e9892ba37f841 \
    --hash=sha256:e931e4f499e0dc7ef29d269a8e5b35dd722e5d14be07df6240166ea7c6532fae \
    --hash=sha256:f54660b0eb6b0b9f36e7fe1cdfdff472028dd0d14acd9b9b65098efbad059469 \
    --hash=sha256:f59a878c33d6b88122d80d239bb3b845d58708750b0cb06a09aebb9b18ec696c \
    --hash=sha256:f7fabeb6cea87d65f3b926de33d03fb016cfdc29314c90974383b5582ae72891 \
    --hash=sha256:f9579f383d1bf9df80081e72760e84960a7fd4f88cf0c9e535a8597c9bb646f5 \
    --hash=sha256:f9a2353b37a1a9e78fd82b27ad7e2a32a2d036604d18f02b05e3136c62ca3b09 \
    --hash=sha256:fc36dc566135b5eceec4cf89758fcb719266a019ef07dae1754ae7c9f617ef3e \
    --hash=sha256:ffdc76bfcae6b255dff75202c5e7feaf95b40246bc0a17944facc1fecf9f79ab
    # via
    #   ord-schema
    #   pandas
    #   rdkit
openpyxl==3.1.5 \
    --hash=sha256:5282c12b107bffeef825f4617dc029afaf41d0ea60823bbb665ef3079dc79de2 \
    --hash=sha256:cf0e3cf56142039133628b5acffe8ef0c12bc902d2aadd3e0fe5878dc08d1050
    # via ord-schema
ord-schema==0.9.0 \
    --hash=sha256:b5cb84a6a2a09c5ee281dcd1924e855960e46c323466caf3e3ae2f0aa9f437b4 \
    --hash=sha256:ffb18347dee30e774305efdebd4c258d2c67512b18b0d8f7f0ccede1b1612504
    # via -r requirements/reaction-data.in
packaging==26.3 \
    --hash=sha256:94edc256424af38762eb31306eed28beb9f0efc50a8837492c9d6fd6004aed79 \
    --hash=sha256:d7193f7c8e4e93f444fde0262bf90af30e16fa0ad0ad44cb553c87339b23cd1c
    # via pytest
pandas==3.0.6 \
    --hash=sha256:0704044b676496b8350e023b09f174a26772456c974a2b11c36bebb558c9490d \
    --hash=sha256:085e3786ae6b2e82b406266bce36690f72b9dc1421903ba9296b2981a9fcf586 \
    --hash=sha256:097090508a1dd335013d39106fc10b20f4fd4a171638e47b77d55798ed9dab6c \
    --hash=sha256:1bcb3e9ed29e74a7439cedff9e2aefd3ea65de84d7de9ccb6c194192541bd60e \
    --hash=sha256:1e7c0afdcaf6661d795fcefc2f647ddd1136f62cdc153fba177c685d97a87808 \
    --hash=sha256:1e92d9fa834c7d877130027cddc0cad8dcff97c1f6cca26bd6310f847228b658 \
    --hash=sha256:22172a92e7ee678ec0140c7af4fc9366b55413834a1cd86af78b3caa0b0574de \
    --hash=sha256:253e12cb9081b0afbac607920f6142975966bc315135e09de275fdbaa415d2de \
    --hash=sha256:265f562fdd1079f69f3de96dd425c3405224038c0af4f920c54bd240ee2c4640 \
    --hash=sha256:2a8fc94be2ee5f1d86f97aacd8cc566f81680b6498e76f3007421bb5d98151bf \
    --hash=sha256:2e5fa32ff162dfdbc280157d664f44d23049ae414725af9676df339c501d82cd \
    --hash=sha256:3ef908d28590b3f42d7070e7ad8f9b34b442b260b7f3c1afb57e0040c58cdb1b \
    --hash=sha256:429d9df32731ab01383ed98f2baa7a60368090d1a94fc06019a12062510e8630 \
    --hash=sha256:47121f9571503f724c9b93e297ab6254ac99c77adf5e9ed085ea419fd585c258 \
    --hash=sha256:4e25e2e1adee99ddfada6f7206a79ae8e9c8a8861b0e3eaaba165006d3eef18e \
    --hash=sha256:4ff44b2cb51cbd691c91f92c4ea6c71e34003f239ebd67c2e857dc898466b49c \
    --hash=sha256:50c44cbf5820b6b91a5f74aae04972472aefadd3cd9fbd1010409d85528bd570 \
    --hash=sha256:569e114072b24fc4970c12e2b4bab252671668a40b324318903380cab0254c0c \
    --hash=sha256:583be68728a31d0d750d5b8d9e00f02b153df0d4655f858bde93cb84cfc4227c \
    --hash=sha256:5e75072773c1b2f7cb63faa3a6f562aede11f3976f68ed34cb538bc091a28171 \
    --hash=sha256:5edd0a7abb0986ecce1ac81f56d99b6763f86aa6946dceb6c661224f90af5a19 \
    --hash=sha256:60d81f9e1799b36f3739e7fff44d1fbb2e8fd5a271b3863e03de9715fccda0fa \
    --hash=sha256:62f51d7f651c8054c5e82a69265c98082e795d1442df7ca6edc3a545d61214b1 \
    --hash=sha256:654aae059295dbba6ecd2328ca12712a2cf1676214c8699f1c29213f7ccf9c34 \
    --hash=sha256:66b07ef7315a31bfe1089cd3d71a7de781c9dca986762d0b4fe7c0ef17465d10 \
    --hash=sha256:6ff482fa91fa2bafd92e8fe66ce3645c851824310f295c1f0a2f96e928fc4541 \
    --hash=sha256:77ccbe5057aece6fc172b9b77f19c04335af6882bc2e10c8f3ee4e6bfb3da553 \
    --hash=sha256:7dac2d65e9087e8e7b5a45fe15c4920911a221df061ab629943ce016489145c7 \
    --hash=sha256:83e91d15738d7783c050197cef2f2cf82fc6353dae9865aa87ed1fa16aa4d55a \
    --hash=sha256:86fa853a12e0b70927e2b1ee00d56d2224ec9cbb4b9d58348b5ad52d2f21150e \
    --hash=sha256:8fe77b408d82e2615674dfed62533b95e18a03610573877422aada4f625d4947 \
    --hash=sha256:963ca21199097a84c7827c4678b04e30833084fbf8ef44fde3fa7180a29f8fa0 \
    --hash=sha256:97274c9adf6255bb48c620cd6959805efa7f09ea2167f0e0ae006a448cd2fca7 \
    --hash=sha256:994a79608263fe1c14cc48ffa7300e2b834b7d1cb406ffe96a08828cb0cdd79b \
    --hash=sha256:9ae8073aed8e21d1a7fe263dcdc6840743549722a6738198a0a46000fa9476f2 \
    --hash=sha256:9dab635a549e58a053c7b0fa054dc0bd7be22f0ed9a720f4a85d5fb993276172 \
    --hash=sha256:9e492cd4bdba6778de4fe0df7f4590c012161ebcf9902dce01b01dc683105514 \
    --hash=sha256:a3a22e07fe75347eaacc75b0e85297947af4fba6b4aae23916bd8b6828d0bba3 \
    --hash=sha256:a4dbd4dc65cbe645b92b8785d0f96dd7311010dc6606cf620e51b07b8788a12a \
    --hash=sha256:a77a1a44e4d88f1c6a2a64d3eb12efec8420875722e14279800b173a7c7c2804 \
    --hash=sha256:b27c8d890e4aa2171437ae2a39de1d215e674158e4865c4023a8b31c932513b2 \
    --hash=sha256:bd75ed0c840f709fc2ae26ddd9534ac77ca1a48ac0cce521a74acaa85f3340a7 \
    --hash=sha256:c6e4aae3e9bea26c6c9a20d88d96c86ec4a99b4db5fd516bcb4e829ab2c0ee36 \
    --hash=sha256:c826e9babb7790142c399f58599d8de679bea059d7b39c5b6efa2096fac37266 \
    --hash=sha256:cc39303913e2ea129915670de5d1c9fbd647f543bb72e5543bac8baa94e9e42f \
    --hash=sha256:d7564d86a94c2eb8ab290b07f63ddaae5c032fa53897c29a2ff2197d43aee8af \
    --hash=sha256:d7dcd21238cbb4828ff148481ba01cac8946dc5121457b5aeba28636f8f99a60 \
    --hash=sha256:db7ec631f26223beee8e5c9e0b8f23c24d8197bbd1d982421d4e3188bea51965 \
    --hash=sha256:e3dccb584123b399c07562ac4d62543e90ede49ddf8ce3c13ffc64cbe828c281 \
    --hash=sha256:e7c1905ef02c3d6d43d9dbd5b6ccb4da4870a0b0c821bbc103fbdb6f3ad2707b \
    --hash=sha256:eb6900de08ac85f93ac4948aa6b80842eba555875337b8359035ac9c43e92d34 \
    --hash=sha256:ee913a91669056c1de1a6b733fbfeab711de9e54e3bee2dfa5fe79d9457247d1 \
    --hash=sha256:ef738d71d1059245b6bb03e312be06d8b3821326a83486c1ad03b9aba3710e44 \
    --hash=sha256:f3ce8a6968045481e91a3990e797e348ce13db45ee164a7095bbc824e26c09dd \
    --hash=sha256:f4e7c52eb108d752e7592268108fd3e98efd76d83a3125cdd06c621c2e44359b \
    --hash=sha256:f8029ec0f1f89e4f985929ce1f6626dabf3140d61a4e9c1215afdab34eaf9a5d \
    --hash=sha256:fb625f426b375bcc96e3a04c5d5d266cd7be6ae5d6866e0e703382ab5164068c \
    --hash=sha256:ff51a4459ed036e93d1eb1bb5e6e7b28685d3cb6b7c12b91c05b31024e234729
    # via ord-schema
pillow==12.3.0 \
    --hash=sha256:00808c5e14ef63ac5161091d242999076604ff74b883423a11e5d7bbb38bf756 \
    --hash=sha256:04f01d28a6aaff387bf842a13be313df23ba0597a44f1a976c9feb3c6ff4711a \
    --hash=sha256:06ff022112bc9cbf83b60f8e028d94ad87b60621706487e65f673de61610ab59 \
    --hash=sha256:0740a512dc522224c77d9aa5a8d70d8b7d73fb91f2c21125d8d025d3b8990e45 \
    --hash=sha256:0847a763afefb695bc912d7c131e7e0632d4edc1d8698f58ddabec8e46b8b6d3 \
    --hash=sha256:0dd2064cbc55aaec028ef5fbb60fa47bb6c3e7918e07ff17935284b227a9d2df \
    --hash=sha256:0feb2e9d6ad6c9e3c06effe9d00f3f1e618a6643273576b016f591e9315a7139 \
    --hash=sha256:10e41f0fbf1eec8cfd234b8fe17a4caac7c9d0db4c204d3c173a8f9f6ef3232b \
    --hash=sha256:1182d52bc2d5e5d7d0949503aa7e36d12f42205dc287e4883f407b1988820d39 \
    --hash=sha256:164b31cd1a0490ab6efae01aa5df49da7061be0af1b30e035b6e9a1bfe34ee6e \
    --hash=sha256:1657923d2d45afb66526e5b933e5b3052e6bdea196c90d3abb2424e18c77dae8 \
    --hash=sha256:186941b6aef820ad110fb01fb06eb925374dc3a21b17e37ec9a53b250c6fe2d1 \
    --hash=sha256:1cca606cd25738df4ed873d5ad46bbdb3d83b5cbca291f6b4ff13a4df6b0bbe8 \
    --hash=sha256:21900ce7ba264168cd50defae43cd75d25c833ad4ad6e73ffc5596d12e25ac89 \
    --hash=sha256:236ff70b9312fb68943c703aa842ca6a758abfa45ac187a5e7c1452e96ef72b5 \
    --hash=sha256:23aceaa007d6172b02c277f0cd359c79492bbb14f7072b4ede9fbcaf20648130 \
    --hash=sha256:23d27a3e0307ec2244cc51e7287b919aa68d097504ebe19df4e76a98a3eea5bd \
    --hash=sha256:24870b09b224f7ae3c39ed07d10e819d06f8720bc551847b1d623832b5b0e28d \
    --hash=sha256:251bf95b67017e27b13d82f5b326234ca62d70f9cf4c2b9032de2358a3b12c7b \
    --hash=sha256:25b9b82bb22e6e2b3cd07b39c68b7b862001226cb3dff7130d1cb914121b39ed \
    --hash=sha256:28ce87c5ab450a9dd970b52e5aca5fe63ed432d18a2eaddd1979a00a1ba24ace \
    --hash=sha256:300557495eb45ebb8aec96c2da9c4be642fbf7cd937278b4013ba894ea8eb0eb \
    --hash=sha256:30f2aa603c41533cc25c05acd0da21636e84a315768feb631c937177db558931 \
    --hash=sha256:331b624368d4f1d069149002f25f44bc61c8919ce8ddb3c45bdad8f6e2d89510 \
    --hash=sha256:37d6d0a00072fd2948eb22bce7e1475f34569d90c87c59f7a2ec59541b77f7a6 \
    --hash=sha256:37dc8f7bbb66efe481bb60defacef820c950c24713fb44962ed6aa2a50966de1 \
    --hash=sha256:3b8182a766685eaa002637e28b4ec8d6b18819a0c71f579bf0dbaa5830297cce \
    --hash=sha256:3edce1d53195db527e0191f84b71d02022de0540bf43a16ed734ed7537b07385 \
    --hash=sha256:446c34dcc4324b084a53b705127dc15717b22c5e140ae0a3c38349d4efec071e \
    --hash=sha256:4998562bf62a445225f22e07c896bb04b35b1b1f2eb6d760584c9c51d7a5f78c \
    --hash=sha256:4b0a7fe987b14c31ebda6083f74f22b561fd3739bc0ac51e019622e3d72668c7 \
    --hash=sha256:4e8c2a84d977f50b9daed6eeaf3baef67d00d5d74d932288f02cb94518ee3ace \
    --hash=sha256:4f883547d4b7f0495ebe7056b0cc2aea76094e7a4abc8e933540f3271df27d9c \
    --hash=sha256:514435a37670e3e5e08f3945b68718b6ed329bb84367777e16f9f4dfe1e61a0f \
    --hash=sha256:53aa02d20d10c3d814d536aa4e5ac9b84ca0ff5a88377963b085ad6822f93e64 \
    --hash=sha256:5594fc43d548a7ed94949d139aa1341b270f1863f11cfd37f5a6c8b778a6b67f \
    --hash=sha256:571b9fcb07b97ef3a492028fb3d2dc0993ca23a06138b0315286566d29ef718a \
    --hash=sha256:57b3d78c95ba9059768b10e28b813002261d3f3dfc55cc48b0c988f625175827 \
    --hash=sha256:5afb51d599ea772b8365ae807ae557f18bccfe46ab261fd1c2a9ed700fc6eb17 \
    --hash=sha256:6b02afb9b97f65fbca5f31db6a2a3ba21aa93030225f150fa3f249717e938fb4 \
    --hash=sha256:6c0016e7b354317c4e9e525b937ac8596c38d2d232b419529b9cd7a1cd46e39a \
    --hash=sha256:71d6097b330eea8fd15097780c8e89cb1a8ce7838669f48c5bacd6f663dd4701 \
    --hash=sha256:756c768d0c9c2955feb7a56c37ea24aea2e369f8d36a88da270b6a9f19e62b5e \
    --hash=sha256:78cb2c6865a35ab8ff8b75fd122f6033b92a62c82801110e48ddd6c936a45d91 \
    --hash=sha256:7a743ff716f746fc19a9557f60dab1600d4613255f8a7aeb3cdde4db7eb15a66 \
    --hash=sha256:85f998ea1848bc6757289e739cfbdda3a04adfd58b02fc018ce54d754a5ce468 \
    --hash=sha256:8728f216dcdb6e6d555cf971cb34076139ad74b31fc2c14da4fafc741c5f6217 \
    --hash=sha256:877c3f311ff35410f690861c4409e7ccbf0cd2f878e50628a28e5a0bb689e658 \
    --hash=sha256:8cd2f7bdda092d99c9fc2fb7391354f306d01443d22785d0cbfafa2e2c8bb418 \
    --hash=sha256:8e95e1385e4998ae9694eeaa4730ba5457ff61185b3a55e2e7bea0880aef452a \
    --hash=sha256:962864dc93511324d51ddbb5b9f8731bf71675b93ca612a07441896f4688fb8c \
    --hash=sha256:9cf95fe4d0f84c82d282745d9bb08ad9f926efa00be4697e767b814ce40d4330 \
    --hash=sha256:9e881fca225083806662a5c43d627d215f258ff43c890f831966c7d7ba9c7402 \
    --hash=sha256:a2b55dd6b2a4c4b7d87ffa56bdb33fdc5fdb9a462173861a7bc097f17d91cb09 \
    --hash=sha256:a45650e8ce7fafffd731db8550230db6b0d306d181a90b67d3e6bca2f1990930 \
    --hash=sha256:a876864214e136f0eb367788dbd7df045f4806801518e2cfe9e13229cfe06d8f \
    --hash=sha256:ae26d61dfa7a47befdc7572b521024e8745f3d809bd95ca9505a7bba9ef849ec \
    --hash=sha256:af8d94b0db561cf68b88a267c5c44b49e134f525d0dc2cb7ed413a66bc23559a \
    --hash=sha256:b343699e8308bdc51978310e1c959c584e7869cc8c40780058c87da7781a1e94 \
    --hash=sha256:b3c777e849237620b022f7f297dd67705f9f5cf1685f09f02e46f93e92725468 \
    --hash=sha256:b629de27fda84b42cde7edef0d85f13b958b47f6e9bbcbba9b673c562a89bd8b \
    --hash=sha256:ba09209fbe443b4acccebe845d8a138b89a8f4fbaeedd44953490b5315d5e965 \
    --hash=sha256:ba54cfebe86920a559a7c4d6b9050791c20513650a1952ebe3368c7dc70306f8 \
    --hash=sha256:bcb46e2f9feff8d06323983bd83ed00c201fdcab3d74973e7072a889b3979fcd \
    --hash=sha256:bcc33feacfaefce60c12fd500a277533bdc02b10a19f7f6d348763d8140bbba7 \
    --hash=sha256:bf16ba1b4d0b6b7c8e534936632270cf70eb00dbe09005bc345b2677b726855c \
    --hash=sha256:cf1845d02ad822a369a49f2bb9345b1614744267682e7a03527dc3bf6eea1777 \
    --hash=sha256:d69141514cc30b774ceea5e3ed3a6635c8d8a96edf664689b890f4089111fb35 \
    --hash=sha256:d9c7f76c0673154f044e9d78c8655fb4213f6ca31a836df48b40fe5d187717b9 \
    --hash=sha256:dbce0b29841537a2fa4a214c2bbf14de3587c9680caa9b4e217568472490b28f \
    --hash=sha256:dc624f6bc473dacdf7ef7eb8678d0d08edf15cd94fad6ae5c7d6cc67a4e4902f \
    --hash=sha256:e158cb00350dc278f3b91551101aa7d12415a66ebf2c91d8d5ac14e56ddd3ad0 \
    --hash=sha256:e491916b378fba47242221bb9ead245211b70d504f495d105d17b14a24b4907c \
    --hash=sha256:e795b7eb908249c4e43c7c99fac7c2c75dab0c43566e37db472a355f63693d71 \
    --hash=sha256:e7e480451b9fa137494bccd3a7d69adbe8ac65a87d97be61e11f1b1050a5bac3 \
    --hash=sha256:e91206ee562682b51b98ef4b26a6ef48fd84e15fd4c4bc5ec768eb641d206838 \
    --hash=sha256:e9871b1ffbfa9656b60aeee92ed5136a5742696006fa322b29ea3d8da0ecc9cf \
    --hash=sha256:e9aeb04d6aef139de265b29683e119b638208f88cf73cdd1658aa07221165321 \
    --hash=sha256:ebaea975e03d3141d9d3a507df75c9b3ec90fa9d2ffd07567b3a978d9d790b26 \
    --hash=sha256:f0606c8bf2cdefea14a43530f7657cbbb7ecf1c4222512492ef4a4434a9501ec \
    --hash=sha256:f13c32a3abd6079a66d9526e18dad9b6d280384d49d7c54040cd57b6424041d9 \
    --hash=sha256:f7401aebd7f581d7f83a439d87d474999317ee099218e5ad25d125290990ba65 \
    --hash=sha256:fa4ecea169a355be7a3ade2c783e2ed12f0e40d2c5621cda8b3297faf7fbb9f5 \
    --hash=sha256:fbd139c8447d25dd750ab79ee274cc5e1fe80fc56340ab10b18a195e1b6eca3e \
    --hash=sha256:fdafc9cce40277e0f7a0feabce0ee50dd2fa1800f3b38015e51296b5e814048d \
    --hash=sha256:fe3cca2e4e8a592be0f269a1ca4835c25199d9f3ce815c8491048f785b0a0198 \
    --hash=sha256:ffd0c5368496f41b0944be820fcb7a838aa6e623d250b01acf2643939c3f99d7
    # via rdkit
pluggy==1.6.0 \
    --hash=sha256:7dcc130b76258d33b90f61b658791dede3486c3e6bfb003ee5c9bfb396dd22f3 \
    --hash=sha256:e920276dd6813095e9377c0bc5566d94c932c33b27a3e3945d8389c374dd4746
    # via pytest
protobuf==5.29.6 \
    --hash=sha256:36ade6ff88212e91aef4e687a971a11d7d24d6948a66751abc1b3238648f5d05 \
    --hash=sha256:62e8a3114992c7c647bce37dcc93647575fc52d50e48de30c6fcb28a6a291eb1 \
    --hash=sha256:6b9edb641441b2da9fa8f428760fc136a49cf97a52076010cf22a2ff73438a86 \
    --hash=sha256:76e07e6567f8baf827137e8d5b8204b6c7b6488bbbff1bf0a72b383f77999c18 \
    --hash=sha256:7e6ad413275be172f67fdee0f43484b6de5a904cc1c3ea9804cb6fe2ff366eda \
    --hash=sha256:831e2da16b6cc9d8f1654c041dd594eda43391affd3c03a91bea7f7f6da106d6 \
    --hash=sha256:a8866b2cff111f0f863c1b3b9e7572dc7eaea23a7fae27f6fc613304046483e6 \
    --hash=sha256:b5a169e664b4057183a34bdc424540e86eea47560f3c123a0d64de4e137f9269 \
    --hash=sha256:cb4c86de9cd8a7f3a256b9744220d87b847371c6b2f10bde87768918ef33ba49 \
    --hash=sha256:da9ee6a5424b6b30fd5e45c5ea663aef540ca95f9ad99d1e887e819cdf9b8723 \
    --hash=sha256:e3387f44798ac1106af0233c04fb8abf543772ff241169946f698b3a9a3d3ab9
    # via ord-schema
pyarrow==25.0.1 \
    --hash=sha256:0b1edbb2f385a6a65e9711b62ba86ac54a7816a3f8d17bb3e8a5929d65fb2485 \
    --hash=sha256:0b726ad7e7b669be982b0c71c07fe4b037d654354130da79a7902a669e93a66b \
    --hash=sha256:0befcf816e45a1af33ac775a9970b749e4868a230c7372f0ae5e932bee27039f \
    --hash=sha256:0fe7c8b6c03969b49c8c66182e4a18e3819ab92d07cfab5d8370c531b9369ef0 \
    --hash=sha256:119297a6dc197e45d9c6d4415f7814a67ffa36c180d26f68c154c58067ae782d \
    --hash=sha256:169d3429d5be7c752125890620f75a60776d38b0035eddae939651640822332e \
    --hash=sha256:25f8720bf6387d5dc2ebd2622112de630760419e4b66134405dd24110d15f37e \
    --hash=sha256:31e49a7888fcdf3a835da33ae777f6bb9a866334e5a789282fc26dcf426f7f15 \
    --hash=sha256:35935cd5de130aa5cf4dea052a63e6bf2e17006c35c3a468194242b9b2bf5956 \
    --hash=sha256:38a9a4b4b9613380e200641891495a56c3d5a98a092db4a870af9975e220471d \
    --hash=sha256:3f89685964f46e4216103c75483aac0c0692a5f72212d7ca835adba5ede56ce3 \
    --hash=sha256:4288f27577352d608ca08553b0865e4a9b3aa14820c5d95b53337218d609835b \
    --hash=sha256:4340f0ba6c1d2e13f21658de1d7c662ca2545018568d0030a1e9afca159d87e3 \
    --hash=sha256:44a9120ce5bd81936b8ab9a88076e3fd47c2c6838e0e43630fed83626aca81d9 \
    --hash=sha256:4facd65742a024a4a366328a1d2292062d72d6e023c1b7dda8d4c37544933a25 \
    --hash=sha256:51093dd9e10325fbdb3c10a2ae7c4806e5c822d94e74ae4938b26524a3323fee \
    --hash=sha256:514ddb60285631af068875550c90eddc181db3e8e63a032b1559be189e82f056 \
    --hash=sha256:5389cdf79447ed1515c9e31620e6e1e2302249564d603f2ad727d4f6d313e4c3 \
    --hash=sha256:59a2de54c0cbd954da861eee4d1d330f8e909c45b53455baef696380f2c55033 \
    --hash=sha256:60e89d8f13861a1f7f8d950fa54aebb8023b30734d0ac51ffa80beabe2df4bba \
    --hash=sha256:6109c94d8b9f3b17a041daca16cacb2f651ad8f1ef70a4232c2c0f37a23da2a8 \
    --hash=sha256:62cd0d785b8aa6675ee355f9fc02252a340f4441257c42674937826fd7594325 \
    --hash=sha256:6943e2fe7954d29d84de45d29d34c8dc36ce96570e67d89aa9976e650a4a9138 \
    --hash=sha256:6a1fdfc6659b6b19022f2e50627fb5cf7156a66c46bf4299379955cbe742382a \
    --hash=sha256:880523be3d29efcf83d3998835d206118ccf35e3871dbd2fb60408cf6b007a80 \
    --hash=sha256:8858d7bfc22e3f51529aeaa4077225029724623e4595dc9eff8c793935c34140 \
    --hash=sha256:9150a83248bfed9813ea3c3af74c3856c1984d444aa28e58bf7733b9750ddf6a \
    --hash=sha256:9171748cdf796972d85a4b60157c279913e242992e350c90c7450182a9838b2a \
    --hash=sha256:a4d6d5e9a3d1879a97c08ded0c797579b7965eafd0f0c26c30b45ccc06db939b \
    --hash=sha256:a4dd8bf99a8fac133efc0ed6a92f5fddbe2adba0d0f6dd720e39ba9855cea85c \
    --hash=sha256:aa0559502e1cd6254d6814614085dd9c5a3dd0419362978a936a3f68a9e5c3df \
    --hash=sha256:b7a296aac7a71fa0886c08e155ddb6c636a50013f801f6178daafa0f9e726188 \
    --hash=sha256:bddd0c4f7630c2a3ddf6347c1bdaa79d97bcf6bd445f9e60c816b7d77c85a5ae \
    --hash=sha256:bf0b672390cdcb640d7288f96b826d71ff4e9abb254a86c89890baf51a29cee6 \
    --hash=sha256:c7c534ec03c358a76ea3e505e74c1b6aef290af90c444dfd092dbfe23e755b85 \
    --hash=sha256:cab40b1edfef0262e0e5251aa2c58d75630f24d06dd7794480243acc001a1d7d \
    --hash=sha256:cc4aa407fde9fc660be3939e49ea31f50f3e9fec17c0ec63159f7711edd3efc9 \
    --hash=sha256:d51592cb7561e87877c506113e7adbf1342ab579e6c21f0ef44b8ba41cb74c80 \
    --hash=sha256:dda9470024204d7bbf2042b47c6e8a0e47a3eeb8e34405882dfaea6577e0c153 \
    --hash=sha256:df961f2e7ae9cf496459259d798652c70625f6c080650d6952f8c04053c58ee9 \
    --hash=sha256:eb6203482ff3746a5632303a7279ae0b5a304c46985b49ed1378cb350ea6728d \
    --hash=sha256:f3831aaa25c67a99f99dc8b05873cb9d64560390372e2aa197ce9dd4a3f06a44 \
    --hash=sha256:f729cfdbd36fd99d543b67a914d2de044c84ebe45be8b34902b299b608c15c8f
    # via
    #   -r requirements/reaction-data.in
    #   ord-schema
pydantic==2.12.4 \
    --hash=sha256:0f8cb9555000a4b5b617f66bfd2566264c4984b27589d3b845685983e8ea85ac \
    --hash=sha256:92d3d202a745d46f9be6df459ac5a064fdaa3c1c4cd8adcfa332ccf3c05f871e
    # via -r requirements/reaction-data.in
pydantic-core==2.41.5 \
    --hash=sha256:0177272f88ab8312479336e1d777f6b124537d47f2123f89cb37e0accea97f90 \
    --hash=sha256:01a3d0ab748ee531f4ea6c3e48ad9dac84ddba4b0d82291f87248f2f9de8d740 \
    --hash=sha256:0384e2e1021894b1ff5a786dbf94771e2986ebe2869533874d7e43bc79c6f504 \
    --hash=sha256:03b77d184b9eb40240ae9fd676ca364ce1085f203e1b1256f8ab9984dca80a84 \
    --hash=sha256:03ca43e12fab6023fc79d28ca6b39b05f794ad08ec2feccc59a339b02f2b3d33 \
    --hash=sha256:05a2c8852530ad2812cb7914dc61a1125dc4e06252ee98e5638a12da6cc6fb6c \
    --hash=sha256:070259a8818988b9a84a449a2a7337c7f430a22acc0859c6b110aa7212a6d9c0 \
    --hash=sha256:08daa51ea16ad373ffd5e7606252cc32f07bc72b28284b6bc9c6df804816476e \
    --hash=sha256:0cbaad15cb0c90aa221d43c00e77bb33c93e8d36e0bf74760cd00e732d10a6a0 \
    --hash=sha256:100baa204bb412b74fe285fb0f3a385256dad1d1879f0a5cb1499ed2e83d132a \
    --hash=sha256:112e305c3314f40c93998e567879e887a3160bb8689ef3d2c04b6cc62c33ac34 \
    --hash=sha256:16f80f7abe3351f8ea6858914ddc8c77e02578544a0ebc15b4c2e1a0e813b0b2 \
    --hash=sha256:1746d4a3d9a794cacae06a5eaaccb4b8643a131d45fbc9af23e353dc0a5ba5c3 \
    --hash=sha256:1962293292865bca8e54702b08a4f26da73adc83dd1fcf26fbc875b35d81c815 \
    --hash=sha256:1d1d9764366c73f996edd17abb6d9d7649a7eb690006ab6adbda117717099b14 \
    --hash=sha256:1f8d33a7f4d5a7889e60dc39856d76d09333d8a6ed0f5f1190635cbec70ec4ba \
    --hash=sha256:22f0fb8c1c583a3b6f24df2470833b40207e907b90c928cc8d3594b76f874375 \
    --hash=sha256:239edca560d05757817c13dc17c50766136d21f7cd0fac50295499ae24f90fdf \
    --hash=sha256:242a206cd0318f95cd21bdacff3fcc3aab23e79bba5cac3db5a841c9ef9c6963 \
    --hash=sha256:25e1c2af0fce638d5f1988b686f3b3ea8cd7de5f244ca147c777769e798a9cd1 \
    --hash=sha256:266fb4cbf5e3cbd0b53669a6d1b039c45e3ce651fd5442eff4d07c2cc8d66808 \
    --hash=sha256:2782c870e99878c634505236d81e5443092fba820f0373997ff75f90f68cd553 \
    --hash=sha256:287dad91cfb551c363dc62899a80e9e14da1f0e2b6ebde82c806612ca2a13ef1 \
    --hash=sha256:29452c56df2ed968d18d7e21f4ab0ac55e71dc59524872f6fc57dcf4a3249ed2 \
    --hash=sha256:299e0a22e7ae2b85c1a57f104538b2656e8ab1873511fd718a1c1c6f149b77b5 \
    --hash=sha256:2a5e06546e19f24c6a96a129142a75cee553cc018ffee48a460059b1185f4470 \
    --hash=sha256:2b761d210c9ea91feda40d25b4efe82a1707da2ef62901466a42492c028553a2 \
    --hash=sha256:2c010c6ded393148374c0f6f0bf89d206bf3217f201faa0635dcd56bd1520f6b \
    --hash=sha256:2ff4321e56e879ee8d2a879501c8e469414d948f4aba74a2d4593184eb326660 \
    --hash=sha256:3006c3dd9ba34b0c094c544c6006cc79e87d8612999f1a5d43b769b89181f23c \
    --hash=sha256:33cb885e759a705b426baada1fe68cbb0a2e68e34c5d0d0289a364cf01709093 \
    --hash=sha256:346285d28e4c8017da95144c7f3acd42740d637ff41946af5ce6e5e420502dd5 \
    --hash=sha256:34a64bc3441dc1213096a20fe27e8e128bd3ff89921706e83c0b1ac971276594 \
    --hash=sha256:35b44f37a3199f771c3eaa53051bc8a70cd7b54f333531c59e29fd4db5d15008 \
    --hash=sha256:378bec5c66998815d224c9ca994f1e14c0c21cb95d2f52b6021cc0b2a58f2a5a \
    --hash=sha256:3f37a19d7ebcdd20b96485056ba9e8b304e27d9904d233d7b1015db320e51f0a \
    --hash=sha256:3f84d5c1b4ab906093bdc1ff10484838aca54ef08de4afa9de0f5f14d69639cd \
    --hash=sha256:4009935984bd36bd2c774e13f9a09563ce8de4abaa7226f5108262fa3e637284 \
    --hash=sha256:406bf18d345822d6c21366031003612b9c77b3e29ffdb0f612367352aab7d586 \
    --hash=sha256:4819fa52133c9aa3c387b3328f25c1facc356491e6135b459f1de698ff64d869 \
    --hash=sha256:482c982f814460eabe1d3bb0adfdc583387bd4691ef00b90575ca0d2b6fe2294 \
    --hash=sha256:4bc36bbc0b7584de96561184ad7f012478987882ebf9f9c389b23f432ea3d90f \
    --hash=sha256:506d766a8727beef16b7adaeb8ee6217c64fc813646b424d0804d67c16eddb66 \
    --hash=sha256:56121965f7a4dc965bff783d70b907ddf3d57f6eba29b6d2e5dabfaf07799c51 \
    --hash=sha256:58133647260ea01e4d0500089a8c4f07bd7aa6ce109682b1426394988d8aaacc \
    --hash=sha256:5921a4d3ca3aee735d9fd163808f5e8dd6c6972101e4adbda9a4667908849b97 \
    --hash=sha256:5a4e67afbc95fa5c34cf27d9089bca7fcab4e51e57278d710320a70b956d1b9a \
    --hash=sha256:5cb1b2f9742240e4bb26b652a5aeb840aa4b417c7748b6f8387927bc6e45e40d \
    --hash=sha256:62de39db01b8d593e45871af2af9e497295db8d73b085f6bfd0b18c83c70a8f9 \
    --hash=sha256:634e8609e89ceecea15e2d61bc9ac3718caaaa71963717bf3c8f38bfde64242c \
    --hash=sha256:63510af5e38f8955b8ee5687740d6ebf7c2a0886d15a6d65c32814613681bc07 \
    --hash=sha256:650ae77860b45cfa6e2cdafc42618ceafab3a2d9a3811fcfbd3bbf8ac3c40d36 \
    --hash=sha256:6561e94ba9dacc9c61bce40e2d6bdc3bfaa0259d3ff36ace3b1e6901936d2e3e \
    --hash=sha256:65840751b72fbfd82c3c640cff9284545342a4f1eb1586ad0636955b261b0b05 \
    --hash=sha256:6cb58b9c66f7e4179a2d5e0f849c48eff5c1fca560994d6eb6543abf955a149e \
    --hash=sha256:6f52298fbd394f9ed112d56f3d11aabd0d5bd27beb3084cc3d8ad069483b8941 \
    --hash=sha256:707625ef0983fcfb461acfaf14de2067c5942c6bb0f3b4c99158bed6fedd3cf3 \
    --hash=sha256:72f6c8b11857a856bcfa48c86f5368439f74453563f951e473514579d44aa612 \
    --hash=sha256:753e230374206729bf0a807954bcc6c150d3743928a73faffee51ac6557a03c3 \
    --hash=sha256:76d0819de158cd855d1cbb8fcafdf6f5cf1eb8e470abe056d5d161106e38062b \
    --hash=sha256:76ee27c6e9c7f16f47db7a94157112a2f3a00e958bc626e2f4ee8bec5c328fbe \
    --hash=sha256:77b63866ca88d804225eaa4af3e664c5faf3568cea95360d21f4725ab6e07146 \
    --hash=sha256:79ec52ec461e99e13791ec6508c722742ad745571f234ea6255bed38c6480f11 \
    --hash=sha256:7b93a4d08587e2b7e7882de461e82b6ed76d9026ce91ca7915e740ecc7855f60 \
    --hash=sha256:7da7087d756b19037bc2c06edc6c170eeef3c3bafcb8f532ff17d64dc427adfd \
    --hash=sha256:7f3bf998340c6d4b0c9a2f02d6a400e51f123b59565d74dc60d252ce888c260b \
    --hash=sha256:80aa89cad80b32a912a65332f64a4450ed00966111b6615ca6816153d3585a8c \
    --hash=sha256:8566def80554c3faa0e65ac30ab0932b9e3a5cd7f8323764303d468e5c37595a \
    --hash=sha256:873e0d5b4fb9b89ef7c2d2a963ea7d02879d9da0da8d9d4933dee8ee86a8b460 \
    --hash=sha256:88942d3a3dff3afc8288c21e565e476fc278902ae4d6d134f1eeda118cc830b1 \
    --hash=sha256:8bfeaf8735be79f225f3fefab7f941c712aaca36f1128c9d7e2352ee1aa87bdf \
    --hash=sha256:8e7c86f27c585ef37c35e56a96363ab8de4e549a95512445b85c96d3e2f7c1bf \
    --hash=sha256:915c3d10f81bec3a74fbd4faebe8391013ba61e5a1a8d48c4455b923bdda7858 \
    --hash=sha256:93e8740d7503eb008aa2df04d3b9735f845d43ae845e6dcd2be0b55a2da43cd2 \
    --hash=sha256:941103c9be18ac8daf7b7adca8228f8ed6bb7a1849020f643b3a14d15b1924d9 \
    --hash=sha256:97aeba56665b4c3235a0e52b2c2f5ae9cd071b8a8310ad27bddb3f7fb30e9aa2 \
    --hash=sha256:a39455728aabd58ceabb03c90e12f71fd30fa69615760a075b9fec596456ccc3 \
    --hash=sha256:a3a52f6156e73e7ccb0f8cced536adccb7042be67cb45f9562e12b319c119da6 \
    --hash=sha256:a668ce24de96165bb239160b3d854943128f4334822900534f2fe947930e5770 \
    --hash=sha256:a75dafbf87d6276ddc5b2bf6fae5254e3d0876b626eb24969a574fff9149ee5d \
    --hash=sha256:aabf5777b5c8ca26f7824cb4a120a740c9588ed58df9b2d196ce92fba42ff8dc \
    --hash=sha256:aec5cf2fd867b4ff45b9959f8b20ea3993fc93e63c7363fe6851424c8a7e7c23 \
    --hash=sha256:b2379fa7ed44ddecb5bfe4e48577d752db9fc10be00a6b7446e9663ba143de26 \
    --hash=sha256:b4ececa40ac28afa90871c2cc2b9ffd2ff0bf749380fbdf57d165fd23da353aa \
    --hash=sha256:b5819cd790dbf0c5eb9f82c73c16b39a65dd6dd4d1439dcdea7816ec9adddab8 \
    --hash=sha256:b74557b16e390ec12dca509bce9264c3bbd128f8a2c376eaa68003d7f327276d \
    --hash=sha256:b80aa5095cd3109962a298ce14110ae16b8c1aece8b72f9dafe81cf597ad80b3 \
    --hash=sha256:b93590ae81f7010dbe380cdeab6f515902ebcbefe0b9327cc4804d74e93ae69d \
    --hash=sha256:b96d5f26b05d03cc60f11a7761a5ded1741da411e7fe0909e27a5e6a0cb7b034 \
    --hash=sha256:bd3d54f38609ff308209bd43acea66061494157703364ae40c951f83ba99a1a9 \
    --hash=sha256:bfea2a5f0b4d8d43adf9d7b8bf019fb46fdd10a2e5cde477fbcb9d1fa08c68e1 \
    --hash=sha256:c007fe8a43d43b3969e8469004e9845944f1a80e6acd47c150856bb87f230c56 \
    --hash=sha256:c1df3d34aced70add6f867a8cf413e299177e0c22660cc767218373d0779487b \
    --hash=sha256:c23e27686783f60290e36827f9c626e63154b82b116d7fe9adba1fda36da706c \
    --hash=sha256:c8d8b4eb992936023be7dee581270af5c6e0697a8559895f527f5b7105ecd36a \
    --hash=sha256:c9e19dd6e28fdcaa5a1de679aec4141f691023916427ef9bae8584f9c2fb3b0e \
    --hash=sha256:d0d2568a8c11bf8225044aa94409e21da0cb09dcdafe9ecd10250b2baad531a9 \
    --hash=sha256:d38548150c39b74aeeb0ce8ee1d8e82696f4a4e16ddc6de7b1d8823f7de4b9b5 \
    --hash=sha256:d3a978c4f57a597908b7e697229d996d77a6d3c94901e9edee593adada95ce1a \
    --hash=sha256:d5160812ea7a8a2ffbe233d8da666880cad0cbaf5d4de74ae15c313213d62556 \
    --hash=sha256:dc799088c08fa04e43144b164feb0c13f9a0bc40503f8df3e9fde58a3c0c101e \
    --hash=sha256:df3959765b553b9440adfd3c795617c352154e497a4eaf3752555cfb5da8fc49 \
    --hash=sha256:dfa8a0c812ac681395907e71e1274819dec685fec28273a28905df579ef137e2 \
    --hash=sha256:e25c479382d26a2a41b7ebea1043564a937db462816ea07afa8a44c0866d52f9 \
    --hash=sha256:e4f4a984405e91527a0d62649ee21138f8e3d0ef103be488c1dc11a80d7f184b \
    --hash=sha256:e536c98a7626a98feb2d3eaf75944ef6f3dbee447e1f841eae16f2f0a72d8ddc \
    --hash=sha256:e56ba91f47764cc14f1daacd723e3e82d1a89d783f0f5afe9c364b8bb491ccdb \
    --hash=sha256:e672ba74fbc2dc8eea59fb6d4aed6845e6905fc2a8afe93175d94a83ba2a01a0 \
    --hash=sha256:e7b576130c69225432866fe2f4a469a85a54ade141d96fd396dffcf607b558f8 \
    --hash=sha256:e8465ab91a4bd96d36dde3263f06caa6a8a6019e4113f24dc753d79a8b3a3f82 \
    --hash=sha256:e96cea19e34778f8d59fe40775a7a574d95816eb150850a85a7a4c8f4b94ac69 \
    --hash=sha256:ece5c59f0ce7d001e017643d8d24da587ea1f74f6993467d85ae8a5ef9d4f42b \
    --hash=sha256:eceb81a8d74f9267ef4081e246ffd6d129da5d87e37a77c9bde550cb04870c1c \
    --hash=sha256:ed2e99c456e3fadd05c991f8f437ef902e00eedf34320ba2b0842bd1c3ca3a75 \
    --hash=sha256:f0cd744688278965817fd0839c4a4116add48d23890d468bc436f78beb28abf5 \
    --hash=sha256:f14f8f046c14563f8eb3f45f499cc658ab8d10072961e07225e507adb700e93f \
    --hash=sha256:f15489ba13d61f670dcc96772e733aad1a6f9c429cc27574c6cdaed82d0146ad \
    --hash=sha256:f31d95a179f8d64d90f6831d71fa93290893a33148d890ba15de25642c5d075b \
    --hash=sha256:f41a7489d32336dbf2199c8c0a215390a751c5b014c2c1c5366e817202e9cdf7 \
    --hash=sha256:f41eb9797986d6ebac5e8edff36d5cef9de40def462311b3eb3eeded1431e425 \
    --hash=sha256:f547144f2966e1e16ae626d8ce72b4cfa0caedc7fa28052001c94fb2fcaa1c52
    # via pydantic
pygments==2.21.0 \
    --hash=sha256:2363c69b61c4a97c838da3b130dcd6468f4848992b21a82f2a63ec34377137d9 \
    --hash=sha256:610ca751c9bc2492b38eb9a38a7fbc93edbbb2d7182edaf34e66ae493dee5c8c
    # via pytest
pytest==9.0.3 \
    --hash=sha256:2c5efc453d45394fdd706ade797c0a81091eccd1d6e4bccfcd476e2b8e0ab5d9 \
    --hash=sha256:b86ada508af81d19edeb213c681b1d48246c1a91d304c6c81a427674c17eb91c
    # via -r requirements/reaction-data.in
python-dateutil==2.9.0.post0 \
    --hash=sha256:37dd54208da7e1cd875388217d5e00ebd4179249f90fb72437e91a35459a0ad3 \
    --hash=sha256:a8b2bc7bffae282281c8140a97d3aa9c14da0b136dfe83f850eea9a5f7470427
    # via
    #   ord-schema
    #   pandas
rdkit==2026.3.1 \
    --hash=sha256:092cc114ba3fd76c85da0c9a1e8831be53dc70236448b671d70919c2e8c52384 \
    --hash=sha256:14e050ffa5d6c5b6b8c87435888c017dcc9fb1fde763f5a49c78bb331aac8c8b \
    --hash=sha256:219e65da7e627f0fe2f1bfaa431edf00cf25aecf7f747850938c3cdfcf400460 \
    --hash=sha256:352ac0ed1505dd9d19bdc785aebd8710553f17a70b3843a3d20f9ca5e5318772 \
    --hash=sha256:37a971ccfac6b909e4a4601a7c64c55fcf8d8eb9ae02397f45ec74553919b49a \
    --hash=sha256:394b15d92df6fb011744502322b3e4de94ef939f628c384fea83aabb224ea8c7 \
    --hash=sha256:41edffacdf49ddb502688e00a7e349cdfe895bfeefc59a4859b9387f7839985a \
    --hash=sha256:53a0718228697c3ebc746386a658258d910b2a47ac75c37408902c3321d69cd2 \
    --hash=sha256:7b2480bdbbf8d20cf857a635a40de249a97d619a5ae270d840771cc6bdb4979c \
    --hash=sha256:7c63c1bda78f07ac38b050b9f84c040981c64567678ec3f3213b3296b63af1a0 \
    --hash=sha256:8be158d43c7f5a31822a8195e6f036e4227a085d3029636a815a00f6ec3dfa5e \
    --hash=sha256:97cd3081224629caf169a531d6350c8f5b3fcc16dc85e6dad0209a7a15a909f4 \
    --hash=sha256:a84112a2f33256789319e1142f005f19333161549b1b3e86a0945d6545ace851 \
    --hash=sha256:af2e141a7a885155ecf956adb04c26809146db8a8fc4ab1ad8946e108e174969 \
    --hash=sha256:b5fede0a828bea8c672ccf670f6364468980326f3bc8c74fb64a4d7c92c152ed \
    --hash=sha256:bdcd6ff790ad7397a743bd9f6e0750993a926dff43440dbeb1563a226620d4f1 \
    --hash=sha256:ce538ef325642c288de7cb00eecf220962cf11a913a027a76f1aa6a1edaf1ff7 \
    --hash=sha256:d437efa1d70d75379f0bd6675a4e5ce39c7b1a31b10489c17b352748a4cda0f3 \
    --hash=sha256:e36ed2109bf3a540e99331605e23bf88a5192a47f601c1f3c911f51fb95eac93 \
    --hash=sha256:ffef0ddd49214b9e74a2588efd9eedfad7ca3bf4f4350cdc0fe1b5e54f8c1ba4
    # via
    #   -r requirements/reaction-data.in
    #   ord-schema
six==1.17.0 \
    --hash=sha256:4721f391ed90541fddacab5acf947aa0d3dc7d27b2e1e8eda2be8970586c3274 \
    --hash=sha256:ff70335d468e7eb6ec65b95b99d3a2836546063f63acc5171de367e834932a81
    # via python-dateutil
tqdm==4.70.1 \
    --hash=sha256:c293e525e6fef9c20e8728fd4612df02a0aa31bb5fe91ecd93e123b1b7bffa73 \
    --hash=sha256:cefd0eca11b2a37a3aee776544d4f4ae913f02688135b5556b8788dfa474afc4
    # via ord-schema
typing-extensions==4.16.0 \
    --hash=sha256:481caa481374e813c1b176ada14e97f1f67a4539ce9cfeb3f350d78d6370c2e8 \
    --hash=sha256:dc983d19a509c94dba722ee6abd33940f7c05a89e243c47e907eb4db6f1a43e5
    # via
    #   pydantic
    #   pydantic-core
    #   typing-inspection
typing-inspection==0.4.4 \
    --hash=sha256:547274fa6b0a561ccf549cc9524b999a578e737d015d8709d021f9d0d13bea47 \
    --hash=sha256:65b8397ba37ccbce054456aaccddfc91e6e3083c92824df348d96ca832f3f147
    # via pydantic
